// !$*UTF8*$!
{
	archiveVersion = 1;
	classes = {
	};
	objectVersion = 46;
	objects = {

/* Begin PBXBuildFile section */
		D4868D461C897A26000DBEA3 /* AppDelegate.swift in Sources */ = {isa = PBXBuildFile; fileRef = D4868D451C897A26000DBEA3 /* AppDelegate.swift */; };
		D4868D481C897A26000DBEA3 /* ViewController.swift in Sources */ = {isa = PBXBuildFile; fileRef = D4868D471C897A26000DBEA3 /* ViewController.swift */; };
		D4868D4B1C897A26000DBEA3 /* Main.storyboard in Resources */ = {isa = PBXBuildFile; fileRef = D4868D491C897A26000DBEA3 /* Main.storyboard */; };
		D4868D4D1C897A26000DBEA3 /* Assets.xcassets in Resources */ = {isa = PBXBuildFile; fileRef = D4868D4C1C897A26000DBEA3 /* Assets.xcassets */; };
		D4868D501C897A26000DBEA3 /* LaunchScreen.storyboard in Resources */ = {isa = PBXBuildFile; fileRef = D4868D4E1C897A26000DBEA3 /* LaunchScreen.storyboard */; };
		D4868D591C897A4F000DBEA3 /* CirCleView.swift in Sources */ = {isa = PBXBuildFile; fileRef = D4868D571C897A4F000DBEA3 /* CirCleView.swift */; };
		D4868D5A1C897A4F000DBEA3 /* NSTimer+CirCleView.swift in Sources */ = {isa = PBXBuildFile; fileRef = D4868D581C897A4F000DBEA3 /* NSTimer+CirCleView.swift */; };
		D4868D601C897A78000DBEA3 /* tt1.jpg in Resources */ = {isa = PBXBuildFile; fileRef = D4868D5C1C897A78000DBEA3 /* tt1.jpg */; };
		D4868D611C897A78000DBEA3 /* tt2.jpg in Resources */ = {isa = PBXBuildFile; fileRef = D4868D5D1C897A78000DBEA3 /* tt2.jpg */; };
		D4868D621C897A78000DBEA3 /* tt3.jpg in Resources */ = {isa = PBXBuildFile; fileRef = D4868D5E1C897A78000DBEA3 /* tt3.jpg */; };
		D4868D631C897A78000DBEA3 /* tt4.jpg in Resources */ = {isa = PBXBuildFile; fileRef = D4868D5F1C897A78000DBEA3 /* tt4.jpg */; };
/* End PBXBuildFile section */

/* Begin PBXFileReference section */
		D4868D421C897A26000DBEA3 /* CirCleView.app */ = {isa = PBXFileReference; explicitFileType = wrapper.application; includeInIndex = 0; path = CirCleView.app; sourceTree = BUILT_PRODUCTS_DIR; };
		D4868D451C897A26000DBEA3 /* AppDelegate.swift */ = {isa = PBXFileReference; lastKnownFileType = sourcecode.swift; path = AppDelegate.swift; sourceTree = "<group>"; };
		D4868D471C897A26000DBEA3 /* ViewController.swift */ = {isa = PBXFileReference; lastKnownFileType = sourcecode.swift; path = ViewController.swift; sourceTree = "<group>"; };
		D4868D4A1C897A26000DBEA3 /* Base */ = {isa = PBXFileReference; lastKnownFileType = file.storyboard; name = Base; path = Base.lproj/Main.storyboard; sourceTree = "<group>"; };
		D4868D4C1C897A26000DBEA3 /* Assets.xcassets */ = {isa = PBXFileReference; lastKnownFileType = folder.assetcatalog; path = Assets.xcassets; sourceTree = "<group>"; };
		D4868D4F1C897A26000DBEA3 /* Base */ = {isa = PBXFileReference; lastKnownFileType = file.storyboard; name = Base; path = Base.lproj/LaunchScreen.storyboard; sourceTree = "<group>"; };
		D4868D511C897A26000DBEA3 /* Info.plist */ = {isa = PBXFileReference; lastKnownFileType = text.plist.xml; path = Info.plist; sourceTree = "<group>"; };
		D4868D571C897A4F000DBEA3 /* CirCleView.swift */ = {isa = PBXFileReference; fileEncoding = 4; lastKnownFileType = sourcecode.swift; path = CirCleView.swift; sourceTree = "<group>"; };
		D4868D581C897A4F000DBEA3 /* NSTimer+CirCleView.swift */ = {isa = PBXFileReference; fileEncoding = 4; lastKnownFileType = sourcecode.swift; path = "NSTimer+CirCleView.swift"; sourceTree = "<group>"; };
		D4868D5C1C897A78000DBEA3 /* tt1.jpg */ = {isa = PBXFileReference; lastKnownFileType = image.jpeg; path = tt1.jpg; sourceTree = "<group>"; };
		D4868D5D1C897A78000DBEA3 /* tt2.jpg */ = {isa = PBXFileReference; lastKnownFileType = image.jpeg; path = tt2.jpg; sourceTree = "<group>"; };
		D4868D5E1C897A78000DBEA3 /* tt3.jpg */ = {isa = PBXFileReference; lastKnownFileType = image.jpeg; path = tt3.jpg; sourceTree = "<group>"; };
		D4868D5F1C897A78000DBEA3 /* tt4.jpg */ = {isa = PBXFileReference; lastKnownFileType = image.jpeg; path = tt4.jpg; sourceTree = "<group>"; };
/* End PBXFileReference section */

/* Begin PBXFrameworksBuildPhase section */
		D4868D3F1C897A26000DBEA3 /* Frameworks */ = {
			isa = PBXFrameworksBuildPhase;
			buildActionMask = 2147483647;
			files = (
			);
			runOnlyForDeploymentPostprocessing = 0;
		};
/* End PBXFrameworksBuildPhase section */

/* Begin PBXGroup section */
		D4868D391C897A26000DBEA3 = {
			isa = PBXGroup;
			children = (
				D4868D441C897A26000DBEA3 /* CirCleView */,
				D4868D431C897A26000DBEA3 /* Products */,
			);
			sourceTree = "<group>";
		};
		D4868D431C897A26000DBEA3 /* Products */ = {
			isa = PBXGroup;
			children = (
				D4868D421C897A26000DBEA3 /* CirCleView.app */,
			);
			name = Products;
			sourceTree = "<group>";
		};
		D4868D441C897A26000DBEA3 /* CirCleView */ = {
			isa = PBXGroup;
			children = (
				D4868D641C897A7F000DBEA3 /* res */,
				D4868D5B1C897A53000DBEA3 /* CirCleView */,
				D4868D451C897A26000DBEA3 /* AppDelegate.swift */,
				D4868D471C897A26000DBEA3 /* ViewController.swift */,
				D4868D491C897A26000DBEA3 /* Main.storyboard */,
				D4868D4C1C897A26000DBEA3 /* Assets.xcassets */,
				D4868D4E1C897A26000DBEA3 /* LaunchScreen.storyboard */,
				D4868D511C897A26000DBEA3 /* Info.plist */,
			);
			path = CirCleView;
			sourceTree = "<group>";
		};
		D4868D5B1C897A53000DBEA3 /* CirCleView */ = {
			isa = PBXGroup;
			children = (
				D4868D571C897A4F000DBEA3 /* CirCleView.swift */,
				D4868D581C897A4F000DBEA3 /* NSTimer+CirCleView.swift */,
			);
			name = CirCleView;
			sourceTree = "<group>";
		};
		D4868D641C897A7F000DBEA3 /* res */ = {
			isa = PBXGroup;
			children = (
				D4868D5C1C897A78000DBEA3 /* tt1.jpg */,
				D4868D5D1C897A78000DBEA3 /* tt2.jpg */,
				D4868D5E1C897A78000DBEA3 /* tt3.jpg */,
				D4868D5F1C897A78000DBEA3 /* tt4.jpg */,
			);
			name = res;
			sourceTree = "<group>";
		};
/* End PBXGroup section */

/* Begin PBXNativeTarget section */
		D4868D411C897A26000DBEA3 /* CirCleView */ = {
			isa = PBXNativeTarget;
			buildConfigurationList = D4868D541C897A26000DBEA3 /* Build configuration list for PBXNativeTarget "CirCleView" */;
			buildPhases = (
				D4868D3E1C897A26000DBEA3 /* Sources */,
				D4868D3F1C897A26000DBEA3 /* Frameworks */,
				D4868D401C897A26000DBEA3 /* Resources */,
			);
			buildRules = (
			);
			dependencies = (
			);
			name = CirCleView;
			productName = CirCleView;
			productReference = D4868D421C897A26000DBEA3 /* CirCleView.app */;
			productType = "com.apple.product-type.application";
		};
/* End PBXNativeTarget section */

/* Begin PBXProject section */
		D4868D3A1C897A26000DBEA3 /* Project object */ = {
			isa = PBXProject;
			attributes = {
				LastSwiftUpdateCheck = 0720;
				LastUpgradeCheck = 0720;
				ORGANIZATIONNAME = tanson;
				TargetAttributes = {
					D4868D411C897A26000DBEA3 = {
						CreatedOnToolsVersion = 7.2;
						DevelopmentTeam = 22EJHDNHE4;
					};
				};
			};
			buildConfigurationList = D4868D3D1C897A26000DBEA3 /* Build configuration list for PBXProject "CirCleView" */;
			compatibilityVersion = "Xcode 3.2";
			developmentRegion = English;
			hasScannedForEncodings = 0;
			knownRegions = (
				en,
				Base,
			);
			mainGroup = D4868D391C897A26000DBEA3;
			productRefGroup = D4868D431C897A26000DBEA3 /* Products */;
			projectDirPath = "";
			projectRoot = "";
			targets = (
				D4868D411C897A26000DBEA3 /* CirCleView */,
			);
		};
/* End PBXProject section */

/* Begin PBXResourcesBuildPhase section */
		D4868D401C897A26000DBEA3 /* Resources */ = {
			isa = PBXResourcesBuildPhase;
			buildActionMask = 2147483647;
			files = (
				D4868D611C897A78000DBEA3 /* tt2.jpg in Resources */,
				D4868D501C897A26000DBEA3 /* LaunchScreen.storyboard in Resources */,
				D4868D4D1C897A26000DBEA3 /* Assets.xcassets in Resources */,
				D4868D621C897A78000DBEA3 /* tt3.jpg in Resources */,
				D4868D631C897A78000DBEA3 /* tt4.jpg in Resources */,
				D4868D4B1C897A26000DBEA3 /* Main.storyboard in Resources */,
				D4868D601C897A78000DBEA3 /* tt1.jpg in Resources */,
			);
			runOnlyForDeploymentPostprocessing = 0;
		};
/* End PBXResourcesBuildPhase section */

/* Begin PBXSourcesBuildPhase section */
		D4868D3E1C897A26000DBEA3 /* Sources */ = {
			isa = PBXSourcesBuildPhase;
			buildActionMask = 2147483647;
			files = (
				D4868D481C897A26000DBEA3 /* ViewController.swift in Sources */,
				D4868D5A1C897A4F000DBEA3 /* NSTimer+CirCleView.swift in Sources */,
				D4868D461C897A26000DBEA3 /* AppDelegate.swift in Sources */,
				D4868D591C897A4F000DBEA3 /* CirCleView.swift in Sources */,
			);
			runOnlyForDeploymentPostprocessing = 0;
		};
/* End PBXSourcesBuildPhase section */

/* Begin PBXVariantGroup section */
		D4868D491C897A26000DBEA3 /* Main.storyboard */ = {
			isa = PBXVariantGroup;
			children = (
				D4868D4A1C897A26000DBEA3 /* Base */,
			);
			name = Main.storyboard;
			sourceTree = "<group>";
		};
		D4868D4E1C897A26000DBEA3 /* LaunchScreen.storyboard */ = {
			isa = PBXVariantGroup;
			children = (
				D4868D4F1C897A26000DBEA3 /* Base */,
			);
			name = LaunchScreen.storyboard;
			sourceTree = "<group>";
		};
/* End PBXVariantGroup section */

/* Begin XCBuildConfiguration section */
		D4868D521C897A26000DBEA3 /* Debug */ = {
			isa = XCBuildConfiguration;
			buildSettings = {
				ALWAYS_SEARCH_USER_PATHS = NO;
				CLANG_CXX_LANGUAGE_STANDARD = "gnu++0x";
				CLANG_CXX_LIBRARY = "libc++";
				CLANG_ENABLE_MODULES = YES;
				CLANG_ENABLE_OBJC_ARC = YES;
				CLANG_WARN_BOOL_CONVERSION = YES;
				CLANG_WARN_CONSTANT_CONVERSION = YES;
				CLANG_WARN_DIRECT_OBJC_ISA_USAGE = YES_ERROR;
				CLANG_WARN_EMPTY_BODY = YES;
				CLANG_WARN_ENUM_CONVERSION = YES;
				CLANG_WARN_INT_CONVERSION = YES;
				CLANG_WARN_OBJC_ROOT_CLASS = YES_ERROR;
				CLANG_WARN_UNREACHABLE_CODE = YES;
				CLANG_WARN__DUPLICATE_METHOD_MATCH = YES;
				"CODE_SIGN_IDENTITY[sdk=iphoneos*]" = "iPhone Developer";
				COPY_PHASE_STRIP = NO;
				DEBUG_INFORMATION_FORMAT = dwarf;
				ENABLE_STRICT_OBJC_MSGSEND = YES;
				ENABLE_TESTABILITY = YES;
				GCC_C_LANGUAGE_STANDARD = gnu99;
				GCC_DYNAMIC_NO_PIC = NO;
				GCC_NO_COMMON_BLOCKS = YES;
				GCC_OPTIMIZATION_LEVEL = 0;
				GCC_PREPROCESSOR_DEFINITIONS = (
					"DEBUG=1",
					"$(inherited)",
				);
				GCC_WARN_64_TO_32_BIT_CONVERSION = YES;
				GCC_WARN_ABOUT_RETURN_TYPE = YES_ERROR;
				GCC_WARN_UNDECLARED_SELECTOR = YES;
				GCC_WARN_UNINITIALIZED_AUTOS = YES_AGGRESSIVE;
				GCC_WARN_UNUSED_FUNCTION = YES;
				GCC_WARN_UNUSED_VARIABLE = YES;
				IPHONEOS_DEPLOYMENT_TARGET = 9.2;
				MTL_ENABLE_DEBUG_INFO = YES;
				ONLY_ACTIVE_ARCH = YES;
				SDKROOT = iphoneos;
				SWIFT_OPTIMIZATION_LEVEL = "-Onone";
			};
			name = Debug;
		};
		D4868D531C897A26000DBEA3 /* Release */ = {
			isa = XCBuildConfiguration;
			buildSettings = {
				ALWAYS_SEARCH_USER_PATHS = NO;
				CLANG_CXX_LANGUAGE_STANDARD = "gnu++0x";
				CLANG_CXX_LIBRARY = "libc++";
				CLANG_ENABLE_MODULES = YES;
				CLANG_ENABLE_OBJC_ARC = YES;
				CLANG_WARN_BOOL_CONVERSION = YES;
				CLANG_WARN_CONSTANT_CONVERSION = YES;
				CLANG_WARN_DIRECT_OBJC_ISA_USAGE = YES_ERROR;
				CLANG_WARN_EMPTY_BODY = YES;
				CLANG_WARN_ENUM_CONVERSION = YES;
				CLANG_WARN_INT_CONVERSION = YES;
				CLANG_WARN_OBJC_ROOT_CLASS = YES_ERROR;
				CLANG_WARN_UNREACHABLE_CODE = YES;
				CLANG_WARN__DUPLICATE_METHOD_MATCH = YES;
				"CODE_SIGN_IDENTITY[sdk=iphoneos*]" = "iPhone Developer";
				COPY_PHASE_STRIP = NO;
				DEBUG_INFORMATION_FORMAT = "dwarf-with-dsym";
				ENABLE_NS_ASSERTIONS = NO;
				ENABLE_STRICT_OBJC_MSGSEND = YES;
				GCC_C_LANGUAGE_STANDARD = gnu99;
				GCC_NO_COMMON_BLOCKS = YES;
				GCC_WARN_64_TO_32_BIT_CONVERSION = YES;
				GCC_WARN_ABOUT_RETURN_TYPE = YES_ERROR;
				GCC_WARN_UNDECLARED_SELECTOR = YES;
				GCC_WARN_UNINITIALIZED_AUTOS = YES_AGGRESSIVE;
				GCC_WARN_UNUSED_FUNCTION = YES;
				GCC_WARN_UNUSED_VARIABLE = YES;
				IPHONEOS_DEPLOYMENT_TARGET = 9.2;
				MTL_ENABLE_DEBUG_INFO = NO;
				SDKROOT = iphoneos;
				VALIDATE_PRODUCT = YES;
			};
			name = Release;
		};
		D4868D551C897A26000DBEA3 /* Debug */ = {
			isa = XCBuildConfiguration;
			buildSettings = {
				ASSETCATALOG_COMPILER_APPICON_NAME = AppIcon;
				INFOPLIST_FILE = CirCleView/Info.plist;
				LD_RUNPATH_SEARCH_PATHS = "$(inherited) @executable_path/Frameworks";
				PRODUCT_BUNDLE_IDENTIFIER = com.tanson.TTKit.CirCleView;
				PRODUCT_NAME = "$(TARGET_NAME)";
			};
			name = Debug;
		};
		D4868D561C897A26000DBEA3 /* Release */ = {
			isa = XCBuildConfiguration;
			buildSettings = {
				ASSETCATALOG_COMPILER_APPICON_NAME = AppIcon;
				INFOPLIST_FILE = CirCleView/Info.plist;
				LD_RUNPATH_SEARCH_PATHS = "$(inherited) @executable_path/Frameworks";
				PRODUCT_BUNDLE_IDENTIFIER = com.tanson.TTKit.CirCleView;
				PRODUCT_NAME = "$(TARGET_NAME)";
			};
			name = Release;
		};
/* End XCBuildConfiguration section */

/* Begin XCConfigurationList section */
		D4868D3D1C897A26000DBEA3 /* Build configuration list for PBXProject "CirCleView" */ = {
			isa = XCConfigurationList;
			buildConfigurations = (
				D4868D521C897A26000DBEA3 /* Debug */,
				D4868D531C897A26000DBEA3 /* Release */,
			);
			defaultConfigurationIsVisible = 0;
			defaultConfigurationName = Release;
		};
		D4868D541C897A26000DBEA3 /* Build configuration list for PBXNativeTarget "CirCleView" */ = {
			isa = XCConfigurationList;
			buildConfigurations = (
				D4868D551C897A26000DBEA3 /* Debug */,
				D4868D561C897A26000DBEA3 /* Release */,
			);
			defaultConfigurationIsVisible = 0;
		};
/* End XCConfigurationList section */
	};
	rootObject = D4868D3A1C897A26000DBEA3 /* Project object */;
}
